
Microsoft Visual Studio Solution File, Format Version 12.00
# Visual Studio 15
VisualStudioVersion = 15.0.28307.329
MinimumVisualStudioVersion = 10.0.40219.1
Project("{FAE04EC0-301F-11D3-BF4B-00C04F79EFBC}") = "STOK", "STOK\STOK.csproj", "{0DB2E688-0C96-451C-A76A-86E10BB1A755}"
EndProject
Global
	GlobalSection(SolutionConfigurationPlatforms) = preSolution
		Debug|Any CPU = Debug|Any CPU
		Release|Any CPU = Release|Any CPU
	EndGlobalSection
	GlobalSection(ProjectConfigurationPlatforms) = postSolution
		{0DB2E688-0C96-451C-A76A-86E10BB1A755}.Debug|Any CPU.ActiveCfg = Debug|Any CPU
		{0DB2E688-0C96-451C-A76A-86E10BB1A755}.Debug|Any CPU.Build.0 = Debug|Any CPU
		{0DB2E688-0C96-451C-A76A-86E10BB1A755}.Release|Any CPU.ActiveCfg = Release|Any CPU
		{0DB2E688-0C96-451C-A76A-86E10BB1A755}.Release|Any CPU.Build.0 = Release|Any CPU
	EndGlobalSection
	GlobalSection(SolutionProperties) = preSolution
		HideSolutionNode = FALSE
	EndGlobalSection
	GlobalSection(ExtensibilityGlobals) = postSolution
		SolutionGuid = {00053E87-E6B6-4D5B-91E1-C187BE3E5F7B}
	EndGlobalSection
EndGlobal
